
Microsoft Visual Studio Solution File, Format Version 12.00
# Visual Studio 15
VisualStudioVersion = 15.0.28307.489
MinimumVisualStudioVersion = 10.0.40219.1
Project("{9A19103F-16F7-4668-BE54-9A1E7A4F7556}") = "IdentityServer", "IdentityServer\IdentityServer.csproj", "{7C477A9C-ACA5-4089-AEC2-1C320078828D}"
EndProject
Project("{9A19103F-16F7-4668-BE54-9A1E7A4F7556}") = "Client", "Client\Client.csproj", "{B95A8F96-5CFB-42E4-891E-F792A0F1A85D}"
EndProject
Project("{FAE04EC0-301F-11D3-BF4B-00C04F79EFBC}") = "TianGong.IdentityServer", "TianGong.IdentityServer\TianGong.IdentityServer.csproj", "{C3745F3E-B0EE-4D3C-B060-E4CC86BC0267}"
EndProject
Global
	GlobalSection(SolutionConfigurationPlatforms) = preSolution
		Debug|Any CPU = Debug|Any CPU
		Release|Any CPU = Release|Any CPU
	EndGlobalSection
	GlobalSection(ProjectConfigurationPlatforms) = postSolution
		{7C477A9C-ACA5-4089-AEC2-1C320078828D}.Debug|Any CPU.ActiveCfg = Debug|Any CPU
		{7C477A9C-ACA5-4089-AEC2-1C320078828D}.Debug|Any CPU.Build.0 = Debug|Any CPU
		{7C477A9C-ACA5-4089-AEC2-1C320078828D}.Release|Any CPU.ActiveCfg = Release|Any CPU
		{7C477A9C-ACA5-4089-AEC2-1C320078828D}.Release|Any CPU.Build.0 = Release|Any CPU
		{B95A8F96-5CFB-42E4-891E-F792A0F1A85D}.Debug|Any CPU.ActiveCfg = Debug|Any CPU
		{B95A8F96-5CFB-42E4-891E-F792A0F1A85D}.Debug|Any CPU.Build.0 = Debug|Any CPU
		{B95A8F96-5CFB-42E4-891E-F792A0F1A85D}.Release|Any CPU.ActiveCfg = Release|Any CPU
		{B95A8F96-5CFB-42E4-891E-F792A0F1A85D}.Release|Any CPU.Build.0 = Release|Any CPU
		{C3745F3E-B0EE-4D3C-B060-E4CC86BC0267}.Debug|Any CPU.ActiveCfg = Debug|Any CPU
		{C3745F3E-B0EE-4D3C-B060-E4CC86BC0267}.Debug|Any CPU.Build.0 = Debug|Any CPU
		{C3745F3E-B0EE-4D3C-B060-E4CC86BC0267}.Release|Any CPU.ActiveCfg = Release|Any CPU
		{C3745F3E-B0EE-4D3C-B060-E4CC86BC0267}.Release|Any CPU.Build.0 = Release|Any CPU
	EndGlobalSection
	GlobalSection(SolutionProperties) = preSolution
		HideSolutionNode = FALSE
	EndGlobalSection
	GlobalSection(ExtensibilityGlobals) = postSolution
		SolutionGuid = {DFF68307-CD45-4A71-A0A3-F1590D6DB9DC}
	EndGlobalSection
EndGlobal
